
Microsoft Visual Studio Solution File, Format Version 12.00
# Visual Studio Version 17
VisualStudioVersion = 17.3.32922.545
MinimumVisualStudioVersion = 10.0.40219.1
Project("{FAE04EC0-301F-11D3-BF4B-00C04F79EFBC}") = "Struct.Is.As.Training", "Struct.Is.As.Training.csproj", "{ADF08684-5136-440D-B65D-5999280A42DE}"
EndProject
Global
	GlobalSection(SolutionConfigurationPlatforms) = preSolution
		Debug|Any CPU = Debug|Any CPU
		Release|Any CPU = Release|Any CPU
	EndGlobalSection
	GlobalSection(ProjectConfigurationPlatforms) = postSolution
		{ADF08684-5136-440D-B65D-5999280A42DE}.Debug|Any CPU.ActiveCfg = Debug|Any CPU
		{ADF08684-5136-440D-B65D-5999280A42DE}.Debug|Any CPU.Build.0 = Debug|Any CPU
		{ADF08684-5136-440D-B65D-5999280A42DE}.Release|Any CPU.ActiveCfg = Release|Any CPU
		{ADF08684-5136-440D-B65D-5999280A42DE}.Release|Any CPU.Build.0 = Release|Any CPU
	EndGlobalSection
	GlobalSection(SolutionProperties) = preSolution
		HideSolutionNode = FALSE
	EndGlobalSection
	GlobalSection(ExtensibilityGlobals) = postSolution
		SolutionGuid = {D68AD26A-AAA4-4C50-ACF4-2A7609925D19}
	EndGlobalSection
EndGlobal
